// !$*UTF8*$!
{
	archiveVersion = 1;
	classes = {
	};
	objectVersion = 46;
	objects = {

/* Begin PBXBuildFile section */
		C476271F1CA0E740005992BA /* main.m in Sources */ = {isa = PBXBuildFile; fileRef = C476271E1CA0E740005992BA /* main.m */; };
		C47627221CA0E740005992BA /* AppDelegate.m in Sources */ = {isa = PBXBuildFile; fileRef = C47627211CA0E740005992BA /* AppDelegate.m */; };
		C47627251CA0E740005992BA /* ViewController.m in Sources */ = {isa = PBXBuildFile; fileRef = C47627241CA0E740005992BA /* ViewController.m */; };
		C47627281CA0E740005992BA /* Main.storyboard in Resources */ = {isa = PBXBuildFile; fileRef = C47627261CA0E740005992BA /* Main.storyboard */; };
		C476272A1CA0E740005992BA /* Assets.xcassets in Resources */ = {isa = PBXBuildFile; fileRef = C47627291CA0E740005992BA /* Assets.xcassets */; };
		C476272D1CA0E740005992BA /* LaunchScreen.storyboard in Resources */ = {isa = PBXBuildFile; fileRef = C476272B1CA0E740005992BA /* LaunchScreen.storyboard */; };
		C47627381CA0E740005992BA /* AnimationDemoTests.m in Sources */ = {isa = PBXBuildFile; fileRef = C47627371CA0E740005992BA /* AnimationDemoTests.m */; };
		C47627431CA0E740005992BA /* AnimationDemoUITests.m in Sources */ = {isa = PBXBuildFile; fileRef = C47627421CA0E740005992BA /* AnimationDemoUITests.m */; };
		C47627511CA0E7B8005992BA /* praiseShape00@2x.png in Resources */ = {isa = PBXBuildFile; fileRef = C47627501CA0E7B8005992BA /* praiseShape00@2x.png */; };
/* End PBXBuildFile section */

/* Begin PBXContainerItemProxy section */
		C47627341CA0E740005992BA /* PBXContainerItemProxy */ = {
			isa = PBXContainerItemProxy;
			containerPortal = C47627121CA0E740005992BA /* Project object */;
			proxyType = 1;
			remoteGlobalIDString = C47627191CA0E740005992BA;
			remoteInfo = AnimationDemo;
		};
		C476273F1CA0E740005992BA /* PBXContainerItemProxy */ = {
			isa = PBXContainerItemProxy;
			containerPortal = C47627121CA0E740005992BA /* Project object */;
			proxyType = 1;
			remoteGlobalIDString = C47627191CA0E740005992BA;
			remoteInfo = AnimationDemo;
		};
/* End PBXContainerItemProxy section */

/* Begin PBXFileReference section */
		C476271A1CA0E740005992BA /* AnimationDemo.app */ = {isa = PBXFileReference; explicitFileType = wrapper.application; includeInIndex = 0; path = AnimationDemo.app; sourceTree = BUILT_PRODUCTS_DIR; };
		C476271E1CA0E740005992BA /* main.m */ = {isa = PBXFileReference; lastKnownFileType = sourcecode.c.objc; path = main.m; sourceTree = "<group>"; };
		C47627201CA0E740005992BA /* AppDelegate.h */ = {isa = PBXFileReference; lastKnownFileType = sourcecode.c.h; path = AppDelegate.h; sourceTree = "<group>"; };
		C47627211CA0E740005992BA /* AppDelegate.m */ = {isa = PBXFileReference; lastKnownFileType = sourcecode.c.objc; path = AppDelegate.m; sourceTree = "<group>"; };
		C47627231CA0E740005992BA /* ViewController.h */ = {isa = PBXFileReference; lastKnownFileType = sourcecode.c.h; path = ViewController.h; sourceTree = "<group>"; };
		C47627241CA0E740005992BA /* ViewController.m */ = {isa = PBXFileReference; lastKnownFileType = sourcecode.c.objc; path = ViewController.m; sourceTree = "<group>"; };
		C47627271CA0E740005992BA /* Base */ = {isa = PBXFileReference; lastKnownFileType = file.storyboard; name = Base; path = Base.lproj/Main.storyboard; sourceTree = "<group>"; };
		C47627291CA0E740005992BA /* Assets.xcassets */ = {isa = PBXFileReference; lastKnownFileType = folder.assetcatalog; path = Assets.xcassets; sourceTree = "<group>"; };
		C476272C1CA0E740005992BA /* Base */ = {isa = PBXFileReference; lastKnownFileType = file.storyboard; name = Base; path = Base.lproj/LaunchScreen.storyboard; sourceTree = "<group>"; };
		C476272E1CA0E740005992BA /* Info.plist */ = {isa = PBXFileReference; lastKnownFileType = text.plist.xml; path = Info.plist; sourceTree = "<group>"; };
		C47627331CA0E740005992BA /* AnimationDemoTests.xctest */ = {isa = PBXFileReference; explicitFileType = wrapper.cfbundle; includeInIndex = 0; path = AnimationDemoTests.xctest; sourceTree = BUILT_PRODUCTS_DIR; };
		C47627371CA0E740005992BA /* AnimationDemoTests.m */ = {isa = PBXFileReference; lastKnownFileType = sourcecode.c.objc; path = AnimationDemoTests.m; sourceTree = "<group>"; };
		C47627391CA0E740005992BA /* Info.plist */ = {isa = PBXFileReference; lastKnownFileType = text.plist.xml; path = Info.plist; sourceTree = "<group>"; };
		C476273E1CA0E740005992BA /* AnimationDemoUITests.xctest */ = {isa = PBXFileReference; explicitFileType = wrapper.cfbundle; includeInIndex = 0; path = AnimationDemoUITests.xctest; sourceTree = BUILT_PRODUCTS_DIR; };
		C47627421CA0E740005992BA /* AnimationDemoUITests.m */ = {isa = PBXFileReference; lastKnownFileType = sourcecode.c.objc; path = AnimationDemoUITests.m; sourceTree = "<group>"; };
		C47627441CA0E740005992BA /* Info.plist */ = {isa = PBXFileReference; lastKnownFileType = text.plist.xml; path = Info.plist; sourceTree = "<group>"; };
		C47627501CA0E7B8005992BA /* praiseShape00@2x.png */ = {isa = PBXFileReference; lastKnownFileType = image.png; path = "praiseShape00@2x.png"; sourceTree = "<group>"; };
/* End PBXFileReference section */

/* Begin PBXFrameworksBuildPhase section */
		C47627171CA0E740005992BA /* Frameworks */ = {
			isa = PBXFrameworksBuildPhase;
			buildActionMask = 2147483647;
			files = (
			);
			runOnlyForDeploymentPostprocessing = 0;
		};
		C47627301CA0E740005992BA /* Frameworks */ = {
			isa = PBXFrameworksBuildPhase;
			buildActionMask = 2147483647;
			files = (
			);
			runOnlyForDeploymentPostprocessing = 0;
		};
		C476273B1CA0E740005992BA /* Frameworks */ = {
			isa = PBXFrameworksBuildPhase;
			buildActionMask = 2147483647;
			files = (
			);
			runOnlyForDeploymentPostprocessing = 0;
		};
/* End PBXFrameworksBuildPhase section */

/* Begin PBXGroup section */
		C47627111CA0E740005992BA = {
			isa = PBXGroup;
			children = (
				C476271C1CA0E740005992BA /* AnimationDemo */,
				C47627361CA0E740005992BA /* AnimationDemoTests */,
				C47627411CA0E740005992BA /* AnimationDemoUITests */,
				C476271B1CA0E740005992BA /* Products */,
			);
			sourceTree = "<group>";
		};
		C476271B1CA0E740005992BA /* Products */ = {
			isa = PBXGroup;
			children = (
				C476271A1CA0E740005992BA /* AnimationDemo.app */,
				C47627331CA0E740005992BA /* AnimationDemoTests.xctest */,
				C476273E1CA0E740005992BA /* AnimationDemoUITests.xctest */,
			);
			name = Products;
			sourceTree = "<group>";
		};
		C476271C1CA0E740005992BA /* AnimationDemo */ = {
			isa = PBXGroup;
			children = (
				C47627201CA0E740005992BA /* AppDelegate.h */,
				C47627501CA0E7B8005992BA /* praiseShape00@2x.png */,
				C47627211CA0E740005992BA /* AppDelegate.m */,
				C47627231CA0E740005992BA /* ViewController.h */,
				C47627241CA0E740005992BA /* ViewController.m */,
				C47627261CA0E740005992BA /* Main.storyboard */,
				C47627291CA0E740005992BA /* Assets.xcassets */,
				C476272B1CA0E740005992BA /* LaunchScreen.storyboard */,
				C476272E1CA0E740005992BA /* Info.plist */,
				C476271D1CA0E740005992BA /* Supporting Files */,
			);
			path = AnimationDemo;
			sourceTree = "<group>";
		};
		C476271D1CA0E740005992BA /* Supporting Files */ = {
			isa = PBXGroup;
			children = (
				C476271E1CA0E740005992BA /* main.m */,
			);
			name = "Supporting Files";
			sourceTree = "<group>";
		};
		C47627361CA0E740005992BA /* AnimationDemoTests */ = {
			isa = PBXGroup;
			children = (
				C47627371CA0E740005992BA /* AnimationDemoTests.m */,
				C47627391CA0E740005992BA /* Info.plist */,
			);
			path = AnimationDemoTests;
			sourceTree = "<group>";
		};
		C47627411CA0E740005992BA /* AnimationDemoUITests */ = {
			isa = PBXGroup;
			children = (
				C47627421CA0E740005992BA /* AnimationDemoUITests.m */,
				C47627441CA0E740005992BA /* Info.plist */,
			);
			path = AnimationDemoUITests;
			sourceTree = "<group>";
		};
/* End PBXGroup section */

/* Begin PBXNativeTarget section */
		C47627191CA0E740005992BA /* AnimationDemo */ = {
			isa = PBXNativeTarget;
			buildConfigurationList = C47627471CA0E740005992BA /* Build configuration list for PBXNativeTarget "AnimationDemo" */;
			buildPhases = (
				C47627161CA0E740005992BA /* Sources */,
				C47627171CA0E740005992BA /* Frameworks */,
				C47627181CA0E740005992BA /* Resources */,
			);
			buildRules = (
			);
			dependencies = (
			);
			name = AnimationDemo;
			productName = AnimationDemo;
			productReference = C476271A1CA0E740005992BA /* AnimationDemo.app */;
			productType = "com.apple.product-type.application";
		};
		C47627321CA0E740005992BA /* AnimationDemoTests */ = {
			isa = PBXNativeTarget;
			buildConfigurationList = C476274A1CA0E740005992BA /* Build configuration list for PBXNativeTarget "AnimationDemoTests" */;
			buildPhases = (
				C476272F1CA0E740005992BA /* Sources */,
				C47627301CA0E740005992BA /* Frameworks */,
				C47627311CA0E740005992BA /* Resources */,
			);
			buildRules = (
			);
			dependencies = (
				C47627351CA0E740005992BA /* PBXTargetDependency */,
			);
			name = AnimationDemoTests;
			productName = AnimationDemoTests;
			productReference = C47627331CA0E740005992BA /* AnimationDemoTests.xctest */;
			productType = "com.apple.product-type.bundle.unit-test";
		};
		C476273D1CA0E740005992BA /* AnimationDemoUITests */ = {
			isa = PBXNativeTarget;
			buildConfigurationList = C476274D1CA0E740005992BA /* Build configuration list for PBXNativeTarget "AnimationDemoUITests" */;
			buildPhases = (
				C476273A1CA0E740005992BA /* Sources */,
				C476273B1CA0E740005992BA /* Frameworks */,
				C476273C1CA0E740005992BA /* Resources */,
			);
			buildRules = (
			);
			dependencies = (
				C47627401CA0E740005992BA /* PBXTargetDependency */,
			);
			name = AnimationDemoUITests;
			productName = AnimationDemoUITests;
			productReference = C476273E1CA0E740005992BA /* AnimationDemoUITests.xctest */;
			productType = "com.apple.product-type.bundle.ui-testing";
		};
/* End PBXNativeTarget section */

/* Begin PBXProject section */
		C47627121CA0E740005992BA /* Project object */ = {
			isa = PBXProject;
			attributes = {
				LastUpgradeCheck = 0720;
				ORGANIZATIONNAME = cn.exutech;
				TargetAttributes = {
					C47627191CA0E740005992BA = {
						CreatedOnToolsVersion = 7.2.1;
					};
					C47627321CA0E740005992BA = {
						CreatedOnToolsVersion = 7.2.1;
						TestTargetID = C47627191CA0E740005992BA;
					};
					C476273D1CA0E740005992BA = {
						CreatedOnToolsVersion = 7.2.1;
						TestTargetID = C47627191CA0E740005992BA;
					};
				};
			};
			buildConfigurationList = C47627151CA0E740005992BA /* Build configuration list for PBXProject "AnimationDemo" */;
			compatibilityVersion = "Xcode 3.2";
			developmentRegion = English;
			hasScannedForEncodings = 0;
			knownRegions = (
				en,
				Base,
			);
			mainGroup = C47627111CA0E740005992BA;
			productRefGroup = C476271B1CA0E740005992BA /* Products */;
			projectDirPath = "";
			projectRoot = "";
			targets = (
				C47627191CA0E740005992BA /* AnimationDemo */,
				C47627321CA0E740005992BA /* AnimationDemoTests */,
				C476273D1CA0E740005992BA /* AnimationDemoUITests */,
			);
		};
/* End PBXProject section */

/* Begin PBXResourcesBuildPhase section */
		C47627181CA0E740005992BA /* Resources */ = {
			isa = PBXResourcesBuildPhase;
			buildActionMask = 2147483647;
			files = (
				C476272D1CA0E740005992BA /* LaunchScreen.storyboard in Resources */,
				C476272A1CA0E740005992BA /* Assets.xcassets in Resources */,
				C47627511CA0E7B8005992BA /* praiseShape00@2x.png in Resources */,
				C47627281CA0E740005992BA /* Main.storyboard in Resources */,
			);
			runOnlyForDeploymentPostprocessing = 0;
		};
		C47627311CA0E740005992BA /* Resources */ = {
			isa = PBXResourcesBuildPhase;
			buildActionMask = 2147483647;
			files = (
			);
			runOnlyForDeploymentPostprocessing = 0;
		};
		C476273C1CA0E740005992BA /* Resources */ = {
			isa = PBXResourcesBuildPhase;
			buildActionMask = 2147483647;
			files = (
			);
			runOnlyForDeploymentPostprocessing = 0;
		};
/* End PBXResourcesBuildPhase section */

/* Begin PBXSourcesBuildPhase section */
		C47627161CA0E740005992BA /* Sources */ = {
			isa = PBXSourcesBuildPhase;
			buildActionMask = 2147483647;
			files = (
				C47627251CA0E740005992BA /* ViewController.m in Sources */,
				C47627221CA0E740005992BA /* AppDelegate.m in Sources */,
				C476271F1CA0E740005992BA /* main.m in Sources */,
			);
			runOnlyForDeploymentPostprocessing = 0;
		};
		C476272F1CA0E740005992BA /* Sources */ = {
			isa = PBXSourcesBuildPhase;
			buildActionMask = 2147483647;
			files = (
				C47627381CA0E740005992BA /* AnimationDemoTests.m in Sources */,
			);
			runOnlyForDeploymentPostprocessing = 0;
		};
		C476273A1CA0E740005992BA /* Sources */ = {
			isa = PBXSourcesBuildPhase;
			buildActionMask = 2147483647;
			files = (
				C47627431CA0E740005992BA /* AnimationDemoUITests.m in Sources */,
			);
			runOnlyForDeploymentPostprocessing = 0;
		};
/* End PBXSourcesBuildPhase section */

/* Begin PBXTargetDependency section */
		C47627351CA0E740005992BA /* PBXTargetDependency */ = {
			isa = PBXTargetDependency;
			target = C47627191CA0E740005992BA /* AnimationDemo */;
			targetProxy = C47627341CA0E740005992BA /* PBXContainerItemProxy */;
		};
		C47627401CA0E740005992BA /* PBXTargetDependency */ = {
			isa = PBXTargetDependency;
			target = C47627191CA0E740005992BA /* AnimationDemo */;
			targetProxy = C476273F1CA0E740005992BA /* PBXContainerItemProxy */;
		};
/* End PBXTargetDependency section */

/* Begin PBXVariantGroup section */
		C47627261CA0E740005992BA /* Main.storyboard */ = {
			isa = PBXVariantGroup;
			children = (
				C47627271CA0E740005992BA /* Base */,
			);
			name = Main.storyboard;
			sourceTree = "<group>";
		};
		C476272B1CA0E740005992BA /* LaunchScreen.storyboard */ = {
			isa = PBXVariantGroup;
			children = (
				C476272C1CA0E740005992BA /* Base */,
			);
			name = LaunchScreen.storyboard;
			sourceTree = "<group>";
		};
/* End PBXVariantGroup section */

/* Begin XCBuildConfiguration section */
		C47627451CA0E740005992BA /* Debug */ = {
			isa = XCBuildConfiguration;
			buildSettings = {
				ALWAYS_SEARCH_USER_PATHS = NO;
				CLANG_CXX_LANGUAGE_STANDARD = "gnu++0x";
				CLANG_CXX_LIBRARY = "libc++";
				CLANG_ENABLE_MODULES = YES;
				CLANG_ENABLE_OBJC_ARC = YES;
				CLANG_WARN_BOOL_CONVERSION = YES;
				CLANG_WARN_CONSTANT_CONVERSION = YES;
				CLANG_WARN_DIRECT_OBJC_ISA_USAGE = YES_ERROR;
				CLANG_WARN_EMPTY_BODY = YES;
				CLANG_WARN_ENUM_CONVERSION = YES;
				CLANG_WARN_INT_CONVERSION = YES;
				CLANG_WARN_OBJC_ROOT_CLASS = YES_ERROR;
				CLANG_WARN_UNREACHABLE_CODE = YES;
				CLANG_WARN__DUPLICATE_METHOD_MATCH = YES;
				"CODE_SIGN_IDENTITY[sdk=iphoneos*]" = "iPhone Developer";
				COPY_PHASE_STRIP = NO;
				DEBUG_INFORMATION_FORMAT = dwarf;
				ENABLE_STRICT_OBJC_MSGSEND = YES;
				ENABLE_TESTABILITY = YES;
				GCC_C_LANGUAGE_STANDARD = gnu99;
				GCC_DYNAMIC_NO_PIC = NO;
				GCC_NO_COMMON_BLOCKS = YES;
				GCC_OPTIMIZATION_LEVEL = 0;
				GCC_PREPROCESSOR_DEFINITIONS = (
					"DEBUG=1",
					"$(inherited)",
				);
				GCC_WARN_64_TO_32_BIT_CONVERSION = YES;
				GCC_WARN_ABOUT_RETURN_TYPE = YES_ERROR;
				GCC_WARN_UNDECLARED_SELECTOR = YES;
				GCC_WARN_UNINITIALIZED_AUTOS = YES_AGGRESSIVE;
				GCC_WARN_UNUSED_FUNCTION = YES;
				GCC_WARN_UNUSED_VARIABLE = YES;
				IPHONEOS_DEPLOYMENT_TARGET = 9.2;
				MTL_ENABLE_DEBUG_INFO = YES;
				ONLY_ACTIVE_ARCH = YES;
				SDKROOT = iphoneos;
				TARGETED_DEVICE_FAMILY = "1,2";
			};
			name = Debug;
		};
		C47627461CA0E740005992BA /* Release */ = {
			isa = XCBuildConfiguration;
			buildSettings = {
				ALWAYS_SEARCH_USER_PATHS = NO;
				CLANG_CXX_LANGUAGE_STANDARD = "gnu++0x";
				CLANG_CXX_LIBRARY = "libc++";
				CLANG_ENABLE_MODULES = YES;
				CLANG_ENABLE_OBJC_ARC = YES;
				CLANG_WARN_BOOL_CONVERSION = YES;
				CLANG_WARN_CONSTANT_CONVERSION = YES;
				CLANG_WARN_DIRECT_OBJC_ISA_USAGE = YES_ERROR;
				CLANG_WARN_EMPTY_BODY = YES;
				CLANG_WARN_ENUM_CONVERSION = YES;
				CLANG_WARN_INT_CONVERSION = YES;
				CLANG_WARN_OBJC_ROOT_CLASS = YES_ERROR;
				CLANG_WARN_UNREACHABLE_CODE = YES;
				CLANG_WARN__DUPLICATE_METHOD_MATCH = YES;
				"CODE_SIGN_IDENTITY[sdk=iphoneos*]" = "iPhone Developer";
				COPY_PHASE_STRIP = NO;
				DEBUG_INFORMATION_FORMAT = "dwarf-with-dsym";
				ENABLE_NS_ASSERTIONS = NO;
				ENABLE_STRICT_OBJC_MSGSEND = YES;
				GCC_C_LANGUAGE_STANDARD = gnu99;
				GCC_NO_COMMON_BLOCKS = YES;
				GCC_WARN_64_TO_32_BIT_CONVERSION = YES;
				GCC_WARN_ABOUT_RETURN_TYPE = YES_ERROR;
				GCC_WARN_UNDECLARED_SELECTOR = YES;
				GCC_WARN_UNINITIALIZED_AUTOS = YES_AGGRESSIVE;
				GCC_WARN_UNUSED_FUNCTION = YES;
				GCC_WARN_UNUSED_VARIABLE = YES;
				IPHONEOS_DEPLOYMENT_TARGET = 9.2;
				MTL_ENABLE_DEBUG_INFO = NO;
				SDKROOT = iphoneos;
				TARGETED_DEVICE_FAMILY = "1,2";
				VALIDATE_PRODUCT = YES;
			};
			name = Release;
		};
		C47627481CA0E740005992BA /* Debug */ = {
			isa = XCBuildConfiguration;
			buildSettings = {
				ASSETCATALOG_COMPILER_APPICON_NAME = AppIcon;
				INFOPLIST_FILE = AnimationDemo/Info.plist;
				LD_RUNPATH_SEARCH_PATHS = "$(inherited) @executable_path/Frameworks";
				PRODUCT_BUNDLE_IDENTIFIER = cn.exutech.AnimationDemo;
				PRODUCT_NAME = "$(TARGET_NAME)";
			};
			name = Debug;
		};
		C47627491CA0E740005992BA /* Release */ = {
			isa = XCBuildConfiguration;
			buildSettings = {
				ASSETCATALOG_COMPILER_APPICON_NAME = AppIcon;
				INFOPLIST_FILE = AnimationDemo/Info.plist;
				LD_RUNPATH_SEARCH_PATHS = "$(inherited) @executable_path/Frameworks";
				PRODUCT_BUNDLE_IDENTIFIER = cn.exutech.AnimationDemo;
				PRODUCT_NAME = "$(TARGET_NAME)";
			};
			name = Release;
		};
		C476274B1CA0E740005992BA /* Debug */ = {
			isa = XCBuildConfiguration;
			buildSettings = {
				BUNDLE_LOADER = "$(TEST_HOST)";
				INFOPLIST_FILE = AnimationDemoTests/Info.plist;
				LD_RUNPATH_SEARCH_PATHS = "$(inherited) @executable_path/Frameworks @loader_path/Frameworks";
				PRODUCT_BUNDLE_IDENTIFIER = cn.exutech.AnimationDemoTests;
				PRODUCT_NAME = "$(TARGET_NAME)";
				TEST_HOST = "$(BUILT_PRODUCTS_DIR)/AnimationDemo.app/AnimationDemo";
			};
			name = Debug;
		};
		C476274C1CA0E740005992BA /* Release */ = {
			isa = XCBuildConfiguration;
			buildSettings = {
				BUNDLE_LOADER = "$(TEST_HOST)";
				INFOPLIST_FILE = AnimationDemoTests/Info.plist;
				LD_RUNPATH_SEARCH_PATHS = "$(inherited) @executable_path/Frameworks @loader_path/Frameworks";
				PRODUCT_BUNDLE_IDENTIFIER = cn.exutech.AnimationDemoTests;
				PRODUCT_NAME = "$(TARGET_NAME)";
				TEST_HOST = "$(BUILT_PRODUCTS_DIR)/AnimationDemo.app/AnimationDemo";
			};
			name = Release;
		};
		C476274E1CA0E740005992BA /* Debug */ = {
			isa = XCBuildConfiguration;
			buildSettings = {
				INFOPLIST_FILE = AnimationDemoUITests/Info.plist;
				LD_RUNPATH_SEARCH_PATHS = "$(inherited) @executable_path/Frameworks @loader_path/Frameworks";
				PRODUCT_BUNDLE_IDENTIFIER = cn.exutech.AnimationDemoUITests;
				PRODUCT_NAME = "$(TARGET_NAME)";
				TEST_TARGET_NAME = AnimationDemo;
				USES_XCTRUNNER = YES;
			};
			name = Debug;
		};
		C476274F1CA0E740005992BA /* Release */ = {
			isa = XCBuildConfiguration;
			buildSettings = {
				INFOPLIST_FILE = AnimationDemoUITests/Info.plist;
				LD_RUNPATH_SEARCH_PATHS = "$(inherited) @executable_path/Frameworks @loader_path/Frameworks";
				PRODUCT_BUNDLE_IDENTIFIER = cn.exutech.AnimationDemoUITests;
				PRODUCT_NAME = "$(TARGET_NAME)";
				TEST_TARGET_NAME = AnimationDemo;
				USES_XCTRUNNER = YES;
			};
			name = Release;
		};
/* End XCBuildConfiguration section */

/* Begin XCConfigurationList section */
		C47627151CA0E740005992BA /* Build configuration list for PBXProject "AnimationDemo" */ = {
			isa = XCConfigurationList;
			buildConfigurations = (
				C47627451CA0E740005992BA /* Debug */,
				C47627461CA0E740005992BA /* Release */,
			);
			defaultConfigurationIsVisible = 0;
			defaultConfigurationName = Release;
		};
		C47627471CA0E740005992BA /* Build configuration list for PBXNativeTarget "AnimationDemo" */ = {
			isa = XCConfigurationList;
			buildConfigurations = (
				C47627481CA0E740005992BA /* Debug */,
				C47627491CA0E740005992BA /* Release */,
			);
			defaultConfigurationIsVisible = 0;
		};
		C476274A1CA0E740005992BA /* Build configuration list for PBXNativeTarget "AnimationDemoTests" */ = {
			isa = XCConfigurationList;
			buildConfigurations = (
				C476274B1CA0E740005992BA /* Debug */,
				C476274C1CA0E740005992BA /* Release */,
			);
			defaultConfigurationIsVisible = 0;
		};
		C476274D1CA0E740005992BA /* Build configuration list for PBXNativeTarget "AnimationDemoUITests" */ = {
			isa = XCConfigurationList;
			buildConfigurations = (
				C476274E1CA0E740005992BA /* Debug */,
				C476274F1CA0E740005992BA /* Release */,
			);
			defaultConfigurationIsVisible = 0;
		};
/* End XCConfigurationList section */
	};
	rootObject = C47627121CA0E740005992BA /* Project object */;
}
